
Microsoft Visual Studio Solution File, Format Version 12.00
# Visual Studio Version 17
VisualStudioVersion = 17.11.35303.130
MinimumVisualStudioVersion = 10.0.40219.1
Project("{C9674DCB-5085-4A16-B785-4C70DD1589BD}") = "ETL_KhoVan", "ETL_KhoVan.dtproj", "{8BD25A29-8B1B-4E71-9FAB-3358FC09752A}"
EndProject
Global
	GlobalSection(SolutionConfigurationPlatforms) = preSolution
		Development|Default = Development|Default
	EndGlobalSection
	GlobalSection(ProjectConfigurationPlatforms) = postSolution
		{8BD25A29-8B1B-4E71-9FAB-3358FC09752A}.Development|Default.ActiveCfg = Development
		{8BD25A29-8B1B-4E71-9FAB-3358FC09752A}.Development|Default.Build.0 = Development
	EndGlobalSection
	GlobalSection(SolutionProperties) = preSolution
		HideSolutionNode = FALSE
	EndGlobalSection
	GlobalSection(ExtensibilityGlobals) = postSolution
		SolutionGuid = {135339E8-2C85-499D-8DB2-614566AFD109}
	EndGlobalSection
EndGlobal
